
Microsoft Visual Studio Solution File, Format Version 12.00
# Visual Studio Version 16
VisualStudioVersion = 16.0.30621.155
MinimumVisualStudioVersion = 10.0.40219.1
Project("{FAE04EC0-301F-11D3-BF4B-00C04F79EFBC}") = "01-HelloWorld", "01-HelloWorld\01-HelloWorld.csproj", "{B959AA09-62AD-4A5A-A43F-DFB17E6D8A96}"
EndProject
Project("{FAE04EC0-301F-11D3-BF4B-00C04F79EFBC}") = "02_variables", "02_variables\02_variables.csproj", "{9CC18DCE-437B-48A9-B993-4C04FA2E6250}"
EndProject
Project("{FAE04EC0-301F-11D3-BF4B-00C04F79EFBC}") = "03_Types", "03_Types\03_Types.csproj", "{F9A809B2-8845-40CC-A25F-4F28CFB6D41C}"
EndProject
Project("{FAE04EC0-301F-11D3-BF4B-00C04F79EFBC}") = "03_Types_Challenges", "03_Types_Challenges\03_Types_Challenges.csproj", "{66938A87-778E-4A2C-A884-EC26024E9D79}"
EndProject
Project("{FAE04EC0-301F-11D3-BF4B-00C04F79EFBC}") = "04_Operators", "04_Operators\04_Operators.csproj", "{EE8AF803-D228-4C78-AF70-8F229052D4CA}"
EndProject
Project("{FAE04EC0-301F-11D3-BF4B-00C04F79EFBC}") = "06_booleans", "06_booleans\06_booleans.csproj", "{87A250F7-9FF0-4567-BF77-470330018540}"
EndProject
Project("{FAE04EC0-301F-11D3-BF4B-00C04F79EFBC}") = "05_strings", "05_strings\05_strings.csproj", "{0D35F7B2-36BB-4D66-AE71-8ABE0C1D03F4}"
EndProject
Project("{FAE04EC0-301F-11D3-BF4B-00C04F79EFBC}") = "07_conditionals_switch", "07_conditionals_switch\07_conditionals_switch.csproj", "{06D33401-C222-4E17-953B-2DBBF75C00D9}"
EndProject
Project("{FAE04EC0-301F-11D3-BF4B-00C04F79EFBC}") = "07_conditionals_if_else", "07_conditionals_if\07_conditionals_if_else.csproj", "{849494C3-18BA-4163-B61C-16E3FF1512D9}"
EndProject
Project("{FAE04EC0-301F-11D3-BF4B-00C04F79EFBC}") = "07_conditionals_ternary_expressions", "07_conditionals_ternary_expressions\07_conditionals_ternary_expressions.csproj", "{F2800008-65DD-4F62-B95A-843F521DC5F8}"
EndProject
Project("{FAE04EC0-301F-11D3-BF4B-00C04F79EFBC}") = "08_numbers", "08_numbers\08_numbers.csproj", "{0AD69FAF-BD90-4723-BBF5-C27FC9AC0F50}"
EndProject
Project("{FAE04EC0-301F-11D3-BF4B-00C04F79EFBC}") = "09_loops", "09_loops\09_loops.csproj", "{55E7E409-D91A-4E97-AE06-D962D00387C6}"
EndProject
Project("{FAE04EC0-301F-11D3-BF4B-00C04F79EFBC}") = "10_classes_and_objects", "10_classes_and_objects\10_classes_and_objects.csproj", "{1295B8FB-C88C-45CC-9754-0AFAA50288D2}"
EndProject
Global
	GlobalSection(SolutionConfigurationPlatforms) = preSolution
		Debug|Any CPU = Debug|Any CPU
		Release|Any CPU = Release|Any CPU
	EndGlobalSection
	GlobalSection(ProjectConfigurationPlatforms) = postSolution
		{B959AA09-62AD-4A5A-A43F-DFB17E6D8A96}.Debug|Any CPU.ActiveCfg = Debug|Any CPU
		{B959AA09-62AD-4A5A-A43F-DFB17E6D8A96}.Debug|Any CPU.Build.0 = Debug|Any CPU
		{B959AA09-62AD-4A5A-A43F-DFB17E6D8A96}.Release|Any CPU.ActiveCfg = Release|Any CPU
		{B959AA09-62AD-4A5A-A43F-DFB17E6D8A96}.Release|Any CPU.Build.0 = Release|Any CPU
		{9CC18DCE-437B-48A9-B993-4C04FA2E6250}.Debug|Any CPU.ActiveCfg = Debug|Any CPU
		{9CC18DCE-437B-48A9-B993-4C04FA2E6250}.Debug|Any CPU.Build.0 = Debug|Any CPU
		{9CC18DCE-437B-48A9-B993-4C04FA2E6250}.Release|Any CPU.ActiveCfg = Release|Any CPU
		{9CC18DCE-437B-48A9-B993-4C04FA2E6250}.Release|Any CPU.Build.0 = Release|Any CPU
		{F9A809B2-8845-40CC-A25F-4F28CFB6D41C}.Debug|Any CPU.ActiveCfg = Debug|Any CPU
		{F9A809B2-8845-40CC-A25F-4F28CFB6D41C}.Debug|Any CPU.Build.0 = Debug|Any CPU
		{F9A809B2-8845-40CC-A25F-4F28CFB6D41C}.Release|Any CPU.ActiveCfg = Release|Any CPU
		{F9A809B2-8845-40CC-A25F-4F28CFB6D41C}.Release|Any CPU.Build.0 = Release|Any CPU
		{66938A87-778E-4A2C-A884-EC26024E9D79}.Debug|Any CPU.ActiveCfg = Debug|Any CPU
		{66938A87-778E-4A2C-A884-EC26024E9D79}.Debug|Any CPU.Build.0 = Debug|Any CPU
		{66938A87-778E-4A2C-A884-EC26024E9D79}.Release|Any CPU.ActiveCfg = Release|Any CPU
		{66938A87-778E-4A2C-A884-EC26024E9D79}.Release|Any CPU.Build.0 = Release|Any CPU
		{EE8AF803-D228-4C78-AF70-8F229052D4CA}.Debug|Any CPU.ActiveCfg = Debug|Any CPU
		{EE8AF803-D228-4C78-AF70-8F229052D4CA}.Debug|Any CPU.Build.0 = Debug|Any CPU
		{EE8AF803-D228-4C78-AF70-8F229052D4CA}.Release|Any CPU.ActiveCfg = Release|Any CPU
		{EE8AF803-D228-4C78-AF70-8F229052D4CA}.Release|Any CPU.Build.0 = Release|Any CPU
		{87A250F7-9FF0-4567-BF77-470330018540}.Debug|Any CPU.ActiveCfg = Debug|Any CPU
		{87A250F7-9FF0-4567-BF77-470330018540}.Debug|Any CPU.Build.0 = Debug|Any CPU
		{87A250F7-9FF0-4567-BF77-470330018540}.Release|Any CPU.ActiveCfg = Release|Any CPU
		{87A250F7-9FF0-4567-BF77-470330018540}.Release|Any CPU.Build.0 = Release|Any CPU
		{0D35F7B2-36BB-4D66-AE71-8ABE0C1D03F4}.Debug|Any CPU.ActiveCfg = Debug|Any CPU
		{0D35F7B2-36BB-4D66-AE71-8ABE0C1D03F4}.Debug|Any CPU.Build.0 = Debug|Any CPU
		{0D35F7B2-36BB-4D66-AE71-8ABE0C1D03F4}.Release|Any CPU.ActiveCfg = Release|Any CPU
		{0D35F7B2-36BB-4D66-AE71-8ABE0C1D03F4}.Release|Any CPU.Build.0 = Release|Any CPU
		{06D33401-C222-4E17-953B-2DBBF75C00D9}.Debug|Any CPU.ActiveCfg = Debug|Any CPU
		{06D33401-C222-4E17-953B-2DBBF75C00D9}.Debug|Any CPU.Build.0 = Debug|Any CPU
		{06D33401-C222-4E17-953B-2DBBF75C00D9}.Release|Any CPU.ActiveCfg = Release|Any CPU
		{06D33401-C222-4E17-953B-2DBBF75C00D9}.Release|Any CPU.Build.0 = Release|Any CPU
		{849494C3-18BA-4163-B61C-16E3FF1512D9}.Debug|Any CPU.ActiveCfg = Debug|Any CPU
		{849494C3-18BA-4163-B61C-16E3FF1512D9}.Debug|Any CPU.Build.0 = Debug|Any CPU
		{849494C3-18BA-4163-B61C-16E3FF1512D9}.Release|Any CPU.ActiveCfg = Release|Any CPU
		{849494C3-18BA-4163-B61C-16E3FF1512D9}.Release|Any CPU.Build.0 = Release|Any CPU
		{F2800008-65DD-4F62-B95A-843F521DC5F8}.Debug|Any CPU.ActiveCfg = Debug|Any CPU
		{F2800008-65DD-4F62-B95A-843F521DC5F8}.Debug|Any CPU.Build.0 = Debug|Any CPU
		{F2800008-65DD-4F62-B95A-843F521DC5F8}.Release|Any CPU.ActiveCfg = Release|Any CPU
		{F2800008-65DD-4F62-B95A-843F521DC5F8}.Release|Any CPU.Build.0 = Release|Any CPU
		{0AD69FAF-BD90-4723-BBF5-C27FC9AC0F50}.Debug|Any CPU.ActiveCfg = Debug|Any CPU
		{0AD69FAF-BD90-4723-BBF5-C27FC9AC0F50}.Debug|Any CPU.Build.0 = Debug|Any CPU
		{0AD69FAF-BD90-4723-BBF5-C27FC9AC0F50}.Release|Any CPU.ActiveCfg = Release|Any CPU
		{0AD69FAF-BD90-4723-BBF5-C27FC9AC0F50}.Release|Any CPU.Build.0 = Release|Any CPU
		{55E7E409-D91A-4E97-AE06-D962D00387C6}.Debug|Any CPU.ActiveCfg = Debug|Any CPU
		{55E7E409-D91A-4E97-AE06-D962D00387C6}.Debug|Any CPU.Build.0 = Debug|Any CPU
		{55E7E409-D91A-4E97-AE06-D962D00387C6}.Release|Any CPU.ActiveCfg = Release|Any CPU
		{55E7E409-D91A-4E97-AE06-D962D00387C6}.Release|Any CPU.Build.0 = Release|Any CPU
		{1295B8FB-C88C-45CC-9754-0AFAA50288D2}.Debug|Any CPU.ActiveCfg = Debug|Any CPU
		{1295B8FB-C88C-45CC-9754-0AFAA50288D2}.Debug|Any CPU.Build.0 = Debug|Any CPU
		{1295B8FB-C88C-45CC-9754-0AFAA50288D2}.Release|Any CPU.ActiveCfg = Release|Any CPU
		{1295B8FB-C88C-45CC-9754-0AFAA50288D2}.Release|Any CPU.Build.0 = Release|Any CPU
	EndGlobalSection
	GlobalSection(SolutionProperties) = preSolution
		HideSolutionNode = FALSE
	EndGlobalSection
	GlobalSection(ExtensibilityGlobals) = postSolution
		SolutionGuid = {24A01010-D3B8-43E5-9F12-6871E8C9BF91}
	EndGlobalSection
EndGlobal
